
Microsoft Visual Studio Solution File, Format Version 12.00
# Visual Studio Version 17
VisualStudioVersion = 17.6.33829.357
MinimumVisualStudioVersion = 10.0.40219.1
Project("{FAE04EC0-301F-11D3-BF4B-00C04F79EFBC}") = "GRecords", "GRecords\GRecords.csproj", "{8D490ECE-34B6-4640-82BA-7EDBFB31B5EC}"
EndProject
Global
	GlobalSection(SolutionConfigurationPlatforms) = preSolution
		Debug|Any CPU = Debug|Any CPU
		Release|Any CPU = Release|Any CPU
	EndGlobalSection
	GlobalSection(ProjectConfigurationPlatforms) = postSolution
		{8D490ECE-34B6-4640-82BA-7EDBFB31B5EC}.Debug|Any CPU.ActiveCfg = Debug|Any CPU
		{8D490ECE-34B6-4640-82BA-7EDBFB31B5EC}.Debug|Any CPU.Build.0 = Debug|Any CPU
		{8D490ECE-34B6-4640-82BA-7EDBFB31B5EC}.Release|Any CPU.ActiveCfg = Release|Any CPU
		{8D490ECE-34B6-4640-82BA-7EDBFB31B5EC}.Release|Any CPU.Build.0 = Release|Any CPU
	EndGlobalSection
	GlobalSection(SolutionProperties) = preSolution
		HideSolutionNode = FALSE
	EndGlobalSection
	GlobalSection(ExtensibilityGlobals) = postSolution
		SolutionGuid = {2DA61EF2-012D-4BD2-975B-EF8745429F74}
	EndGlobalSection
EndGlobal
